
Microsoft Visual Studio Solution File, Format Version 12.00
# Visual Studio Version 16
VisualStudioVersion = 16.0.30717.126
MinimumVisualStudioVersion = 10.0.40219.1
Project("{FAE04EC0-301F-11D3-BF4B-00C04F79EFBC}") = "AzureEmulator.Domain", "AzureEmulator.Domain\AzureEmulator.Domain.csproj", "{78E2E158-010F-421C-9B71-97F131B6DB65}"
EndProject
Project("{FAE04EC0-301F-11D3-BF4B-00C04F79EFBC}") = "AzureEmulator.MVC", "AzureEmulator.MVC\AzureEmulator.MVC.csproj", "{2798B513-DAAA-4501-8AB8-940CA4A95052}"
EndProject
Global
	GlobalSection(SolutionConfigurationPlatforms) = preSolution
		Debug|Any CPU = Debug|Any CPU
		Release|Any CPU = Release|Any CPU
	EndGlobalSection
	GlobalSection(ProjectConfigurationPlatforms) = postSolution
		{78E2E158-010F-421C-9B71-97F131B6DB65}.Debug|Any CPU.ActiveCfg = Debug|Any CPU
		{78E2E158-010F-421C-9B71-97F131B6DB65}.Debug|Any CPU.Build.0 = Debug|Any CPU
		{78E2E158-010F-421C-9B71-97F131B6DB65}.Release|Any CPU.ActiveCfg = Release|Any CPU
		{78E2E158-010F-421C-9B71-97F131B6DB65}.Release|Any CPU.Build.0 = Release|Any CPU
		{2798B513-DAAA-4501-8AB8-940CA4A95052}.Debug|Any CPU.ActiveCfg = Debug|Any CPU
		{2798B513-DAAA-4501-8AB8-940CA4A95052}.Debug|Any CPU.Build.0 = Debug|Any CPU
		{2798B513-DAAA-4501-8AB8-940CA4A95052}.Release|Any CPU.ActiveCfg = Release|Any CPU
		{2798B513-DAAA-4501-8AB8-940CA4A95052}.Release|Any CPU.Build.0 = Release|Any CPU
	EndGlobalSection
	GlobalSection(SolutionProperties) = preSolution
		HideSolutionNode = FALSE
	EndGlobalSection
	GlobalSection(ExtensibilityGlobals) = postSolution
		SolutionGuid = {D26FA7D7-E4C7-4C58-B83C-064BE21B2851}
	EndGlobalSection
EndGlobal
